
Microsoft Visual Studio Solution File, Format Version 12.00
# Visual Studio Version 16
VisualStudioVersion = 16.0.30309.148
MinimumVisualStudioVersion = 10.0.40219.1
Project("{9A19103F-16F7-4668-BE54-9A1E7A4F7556}") = "BookShop", "BookShop\BookShop.csproj", "{3321774F-E801-40FF-BCD1-57D9BDF70E44}"
EndProject
Global
	GlobalSection(SolutionConfigurationPlatforms) = preSolution
		Debug|Any CPU = Debug|Any CPU
		Release|Any CPU = Release|Any CPU
	EndGlobalSection
	GlobalSection(ProjectConfigurationPlatforms) = postSolution
		{3321774F-E801-40FF-BCD1-57D9BDF70E44}.Debug|Any CPU.ActiveCfg = Debug|Any CPU
		{3321774F-E801-40FF-BCD1-57D9BDF70E44}.Debug|Any CPU.Build.0 = Debug|Any CPU
		{3321774F-E801-40FF-BCD1-57D9BDF70E44}.Release|Any CPU.ActiveCfg = Release|Any CPU
		{3321774F-E801-40FF-BCD1-57D9BDF70E44}.Release|Any CPU.Build.0 = Release|Any CPU
	EndGlobalSection
	GlobalSection(SolutionProperties) = preSolution
		HideSolutionNode = FALSE
	EndGlobalSection
	GlobalSection(ExtensibilityGlobals) = postSolution
		SolutionGuid = {DE436DDD-BC73-43E1-9DF1-1C9C34E98660}
	EndGlobalSection
EndGlobal
